// !$*UTF8*$!
{
	archiveVersion = 1;
	classes = {
	};
	objectVersion = 46;
	objects = {

/* Begin PBXBuildFile section */
		01F0BBB41DD46D42008A1462 /* AppDelegate.swift in Sources */ = {isa = PBXBuildFile; fileRef = 01F0BBB31DD46D42008A1462 /* AppDelegate.swift */; };
		01F0BBB61DD46D42008A1462 /* ViewController.swift in Sources */ = {isa = PBXBuildFile; fileRef = 01F0BBB51DD46D42008A1462 /* ViewController.swift */; };
		01F0BBB91DD46D42008A1462 /* Main.storyboard in Resources */ = {isa = PBXBuildFile; fileRef = 01F0BBB71DD46D42008A1462 /* Main.storyboard */; };
		01F0BBBB1DD46D42008A1462 /* Assets.xcassets in Resources */ = {isa = PBXBuildFile; fileRef = 01F0BBBA1DD46D42008A1462 /* Assets.xcassets */; };
		01F0BBBE1DD46D42008A1462 /* LaunchScreen.storyboard in Resources */ = {isa = PBXBuildFile; fileRef = 01F0BBBC1DD46D42008A1462 /* LaunchScreen.storyboard */; };
/* End PBXBuildFile section */

/* Begin PBXFileReference section */
		01F0BBB01DD46D42008A1462 /* PokemonMap.app */ = {isa = PBXFileReference; explicitFileType = wrapper.application; includeInIndex = 0; path = PokemonMap.app; sourceTree = BUILT_PRODUCTS_DIR; };
		01F0BBB31DD46D42008A1462 /* AppDelegate.swift */ = {isa = PBXFileReference; lastKnownFileType = sourcecode.swift; path = AppDelegate.swift; sourceTree = "<group>"; };
		01F0BBB51DD46D42008A1462 /* ViewController.swift */ = {isa = PBXFileReference; lastKnownFileType = sourcecode.swift; path = ViewController.swift; sourceTree = "<group>"; };
		01F0BBB81DD46D42008A1462 /* Base */ = {isa = PBXFileReference; lastKnownFileType = file.storyboard; name = Base; path = Base.lproj/Main.storyboard; sourceTree = "<group>"; };
		01F0BBBA1DD46D42008A1462 /* Assets.xcassets */ = {isa = PBXFileReference; lastKnownFileType = folder.assetcatalog; path = Assets.xcassets; sourceTree = "<group>"; };
		01F0BBBD1DD46D42008A1462 /* Base */ = {isa = PBXFileReference; lastKnownFileType = file.storyboard; name = Base; path = Base.lproj/LaunchScreen.storyboard; sourceTree = "<group>"; };
		01F0BBBF1DD46D42008A1462 /* Info.plist */ = {isa = PBXFileReference; lastKnownFileType = text.plist.xml; path = Info.plist; sourceTree = "<group>"; };
/* End PBXFileReference section */

/* Begin PBXFrameworksBuildPhase section */
		01F0BBAD1DD46D42008A1462 /* Frameworks */ = {
			isa = PBXFrameworksBuildPhase;
			buildActionMask = 2147483647;
			files = (
			);
			runOnlyForDeploymentPostprocessing = 0;
		};
/* End PBXFrameworksBuildPhase section */

/* Begin PBXGroup section */
		01F0BBA71DD46D42008A1462 = {
			isa = PBXGroup;
			children = (
				01F0BBB21DD46D42008A1462 /* PokemonMap */,
				01F0BBB11DD46D42008A1462 /* Products */,
			);
			sourceTree = "<group>";
		};
		01F0BBB11DD46D42008A1462 /* Products */ = {
			isa = PBXGroup;
			children = (
				01F0BBB01DD46D42008A1462 /* PokemonMap.app */,
			);
			name = Products;
			sourceTree = "<group>";
		};
		01F0BBB21DD46D42008A1462 /* PokemonMap */ = {
			isa = PBXGroup;
			children = (
				01F0BBB31DD46D42008A1462 /* AppDelegate.swift */,
				01F0BBB51DD46D42008A1462 /* ViewController.swift */,
				01F0BBB71DD46D42008A1462 /* Main.storyboard */,
				01F0BBBA1DD46D42008A1462 /* Assets.xcassets */,
				01F0BBBC1DD46D42008A1462 /* LaunchScreen.storyboard */,
				01F0BBBF1DD46D42008A1462 /* Info.plist */,
			);
			path = PokemonMap;
			sourceTree = "<group>";
		};
/* End PBXGroup section */

/* Begin PBXNativeTarget section */
		01F0BBAF1DD46D42008A1462 /* PokemonMap */ = {
			isa = PBXNativeTarget;
			buildConfigurationList = 01F0BBC21DD46D42008A1462 /* Build configuration list for PBXNativeTarget "PokemonMap" */;
			buildPhases = (
				01F0BBAC1DD46D42008A1462 /* Sources */,
				01F0BBAD1DD46D42008A1462 /* Frameworks */,
				01F0BBAE1DD46D42008A1462 /* Resources */,
			);
			buildRules = (
			);
			dependencies = (
			);
			name = PokemonMap;
			productName = PokemonMap;
			productReference = 01F0BBB01DD46D42008A1462 /* PokemonMap.app */;
			productType = "com.apple.product-type.application";
		};
/* End PBXNativeTarget section */

/* Begin PBXProject section */
		01F0BBA81DD46D42008A1462 /* Project object */ = {
			isa = PBXProject;
			attributes = {
				LastSwiftUpdateCheck = 0810;
				LastUpgradeCheck = 0810;
				ORGANIZATIONNAME = "Patrick Gross";
				TargetAttributes = {
					01F0BBAF1DD46D42008A1462 = {
						CreatedOnToolsVersion = 8.1;
						ProvisioningStyle = Automatic;
					};
				};
			};
			buildConfigurationList = 01F0BBAB1DD46D42008A1462 /* Build configuration list for PBXProject "PokemonMap" */;
			compatibilityVersion = "Xcode 3.2";
			developmentRegion = English;
			hasScannedForEncodings = 0;
			knownRegions = (
				en,
				Base,
			);
			mainGroup = 01F0BBA71DD46D42008A1462;
			productRefGroup = 01F0BBB11DD46D42008A1462 /* Products */;
			projectDirPath = "";
			projectRoot = "";
			targets = (
				01F0BBAF1DD46D42008A1462 /* PokemonMap */,
			);
		};
/* End PBXProject section */

/* Begin PBXResourcesBuildPhase section */
		01F0BBAE1DD46D42008A1462 /* Resources */ = {
			isa = PBXResourcesBuildPhase;
			buildActionMask = 2147483647;
			files = (
				01F0BBBE1DD46D42008A1462 /* LaunchScreen.storyboard in Resources */,
				01F0BBBB1DD46D42008A1462 /* Assets.xcassets in Resources */,
				01F0BBB91DD46D42008A1462 /* Main.storyboard in Resources */,
			);
			runOnlyForDeploymentPostprocessing = 0;
		};
/* End PBXResourcesBuildPhase section */

/* Begin PBXSourcesBuildPhase section */
		01F0BBAC1DD46D42008A1462 /* Sources */ = {
			isa = PBXSourcesBuildPhase;
			buildActionMask = 2147483647;
			files = (
				01F0BBB61DD46D42008A1462 /* ViewController.swift in Sources */,
				01F0BBB41DD46D42008A1462 /* AppDelegate.swift in Sources */,
			);
			runOnlyForDeploymentPostprocessing = 0;
		};
/* End PBXSourcesBuildPhase section */

/* Begin PBXVariantGroup section */
		01F0BBB71DD46D42008A1462 /* Main.storyboard */ = {
			isa = PBXVariantGroup;
			children = (
				01F0BBB81DD46D42008A1462 /* Base */,
			);
			name = Main.storyboard;
			sourceTree = "<group>";
		};
		01F0BBBC1DD46D42008A1462 /* LaunchScreen.storyboard */ = {
			isa = PBXVariantGroup;
			children = (
				01F0BBBD1DD46D42008A1462 /* Base */,
			);
			name = LaunchScreen.storyboard;
			sourceTree = "<group>";
		};
/* End PBXVariantGroup section */

/* Begin XCBuildConfiguration section */
		01F0BBC01DD46D42008A1462 /* Debug */ = {
			isa = XCBuildConfiguration;
			buildSettings = {
				ALWAYS_SEARCH_USER_PATHS = NO;
				CLANG_ANALYZER_NONNULL = YES;
				CLANG_CXX_LANGUAGE_STANDARD = "gnu++0x";
				CLANG_CXX_LIBRARY = "libc++";
				CLANG_ENABLE_MODULES = YES;
				CLANG_ENABLE_OBJC_ARC = YES;
				CLANG_WARN_BOOL_CONVERSION = YES;
				CLANG_WARN_CONSTANT_CONVERSION = YES;
				CLANG_WARN_DIRECT_OBJC_ISA_USAGE = YES_ERROR;
				CLANG_WARN_DOCUMENTATION_COMMENTS = YES;
				CLANG_WARN_EMPTY_BODY = YES;
				CLANG_WARN_ENUM_CONVERSION = YES;
				CLANG_WARN_INFINITE_RECURSION = YES;
				CLANG_WARN_INT_CONVERSION = YES;
				CLANG_WARN_OBJC_ROOT_CLASS = YES_ERROR;
				CLANG_WARN_SUSPICIOUS_MOVES = YES;
				CLANG_WARN_UNREACHABLE_CODE = YES;
				CLANG_WARN__DUPLICATE_METHOD_MATCH = YES;
				"CODE_SIGN_IDENTITY[sdk=iphoneos*]" = "iPhone Developer";
				COPY_PHASE_STRIP = NO;
				DEBUG_INFORMATION_FORMAT = dwarf;
				ENABLE_STRICT_OBJC_MSGSEND = YES;
				ENABLE_TESTABILITY = YES;
				GCC_C_LANGUAGE_STANDARD = gnu99;
				GCC_DYNAMIC_NO_PIC = NO;
				GCC_NO_COMMON_BLOCKS = YES;
				GCC_OPTIMIZATION_LEVEL = 0;
				GCC_PREPROCESSOR_DEFINITIONS = (
					"DEBUG=1",
					"$(inherited)",
				);
				GCC_WARN_64_TO_32_BIT_CONVERSION = YES;
				GCC_WARN_ABOUT_RETURN_TYPE = YES_ERROR;
				GCC_WARN_UNDECLARED_SELECTOR = YES;
				GCC_WARN_UNINITIALIZED_AUTOS = YES_AGGRESSIVE;
				GCC_WARN_UNUSED_FUNCTION = YES;
				GCC_WARN_UNUSED_VARIABLE = YES;
				IPHONEOS_DEPLOYMENT_TARGET = 10.1;
				MTL_ENABLE_DEBUG_INFO = YES;
				ONLY_ACTIVE_ARCH = YES;
				SDKROOT = iphoneos;
				SWIFT_ACTIVE_COMPILATION_CONDITIONS = DEBUG;
				SWIFT_OPTIMIZATION_LEVEL = "-Onone";
				TARGETED_DEVICE_FAMILY = "1,2";
			};
			name = Debug;
		};
		01F0BBC11DD46D42008A1462 /* Release */ = {
			isa = XCBuildConfiguration;
			buildSettings = {
				ALWAYS_SEARCH_USER_PATHS = NO;
				CLANG_ANALYZER_NONNULL = YES;
				CLANG_CXX_LANGUAGE_STANDARD = "gnu++0x";
				CLANG_CXX_LIBRARY = "libc++";
				CLANG_ENABLE_MODULES = YES;
				CLANG_ENABLE_OBJC_ARC = YES;
				CLANG_WARN_BOOL_CONVERSION = YES;
				CLANG_WARN_CONSTANT_CONVERSION = YES;
				CLANG_WARN_DIRECT_OBJC_ISA_USAGE = YES_ERROR;
				CLANG_WARN_DOCUMENTATION_COMMENTS = YES;
				CLANG_WARN_EMPTY_BODY = YES;
				CLANG_WARN_ENUM_CONVERSION = YES;
				CLANG_WARN_INFINITE_RECURSION = YES;
				CLANG_WARN_INT_CONVERSION = YES;
				CLANG_WARN_OBJC_ROOT_CLASS = YES_ERROR;
				CLANG_WARN_SUSPICIOUS_MOVES = YES;
				CLANG_WARN_UNREACHABLE_CODE = YES;
				CLANG_WARN__DUPLICATE_METHOD_MATCH = YES;
				"CODE_SIGN_IDENTITY[sdk=iphoneos*]" = "iPhone Developer";
				COPY_PHASE_STRIP = NO;
				DEBUG_INFORMATION_FORMAT = "dwarf-with-dsym";
				ENABLE_NS_ASSERTIONS = NO;
				ENABLE_STRICT_OBJC_MSGSEND = YES;
				GCC_C_LANGUAGE_STANDARD = gnu99;
				GCC_NO_COMMON_BLOCKS = YES;
				GCC_WARN_64_TO_32_BIT_CONVERSION = YES;
				GCC_WARN_ABOUT_RETURN_TYPE = YES_ERROR;
				GCC_WARN_UNDECLARED_SELECTOR = YES;
				GCC_WARN_UNINITIALIZED_AUTOS = YES_AGGRESSIVE;
				GCC_WARN_UNUSED_FUNCTION = YES;
				GCC_WARN_UNUSED_VARIABLE = YES;
				IPHONEOS_DEPLOYMENT_TARGET = 10.1;
				MTL_ENABLE_DEBUG_INFO = NO;
				SDKROOT = iphoneos;
				SWIFT_OPTIMIZATION_LEVEL = "-Owholemodule";
				TARGETED_DEVICE_FAMILY = "1,2";
				VALIDATE_PRODUCT = YES;
			};
			name = Release;
		};
		01F0BBC31DD46D42008A1462 /* Debug */ = {
			isa = XCBuildConfiguration;
			buildSettings = {
				ASSETCATALOG_COMPILER_APPICON_NAME = AppIcon;
				INFOPLIST_FILE = PokemonMap/Info.plist;
				LD_RUNPATH_SEARCH_PATHS = "$(inherited) @executable_path/Frameworks";
				PRODUCT_BUNDLE_IDENTIFIER = com.patrickgross.PokemonMap;
				PRODUCT_NAME = "$(TARGET_NAME)";
				SWIFT_VERSION = 3.0;
			};
			name = Debug;
		};
		01F0BBC41DD46D42008A1462 /* Release */ = {
			isa = XCBuildConfiguration;
			buildSettings = {
				ASSETCATALOG_COMPILER_APPICON_NAME = AppIcon;
				INFOPLIST_FILE = PokemonMap/Info.plist;
				LD_RUNPATH_SEARCH_PATHS = "$(inherited) @executable_path/Frameworks";
				PRODUCT_BUNDLE_IDENTIFIER = com.patrickgross.PokemonMap;
				PRODUCT_NAME = "$(TARGET_NAME)";
				SWIFT_VERSION = 3.0;
			};
			name = Release;
		};
/* End XCBuildConfiguration section */

/* Begin XCConfigurationList section */
		01F0BBAB1DD46D42008A1462 /* Build configuration list for PBXProject "PokemonMap" */ = {
			isa = XCConfigurationList;
			buildConfigurations = (
				01F0BBC01DD46D42008A1462 /* Debug */,
				01F0BBC11DD46D42008A1462 /* Release */,
			);
			defaultConfigurationIsVisible = 0;
			defaultConfigurationName = Release;
		};
		01F0BBC21DD46D42008A1462 /* Build configuration list for PBXNativeTarget "PokemonMap" */ = {
			isa = XCConfigurationList;
			buildConfigurations = (
				01F0BBC31DD46D42008A1462 /* Debug */,
				01F0BBC41DD46D42008A1462 /* Release */,
			);
			defaultConfigurationIsVisible = 0;
		};
/* End XCConfigurationList section */
	};
	rootObject = 01F0BBA81DD46D42008A1462 /* Project object */;
}
